
Microsoft Visual Studio Solution File, Format Version 12.00
# Visual Studio Version 16
VisualStudioVersion = 16.0.33423.256
MinimumVisualStudioVersion = 10.0.40219.1
Project("{8BC9CEB8-8B4A-11D0-8D11-00A0C91BC942}") = "task78", "task78\task78.vcxproj", "{5B43355F-0BA9-4311-B9FA-D722630E42F5}"
EndProject
Project("{8BC9CEB8-8B4A-11D0-8D11-00A0C91BC942}") = "task78_2", "task78_2\task78_2.vcxproj", "{279EE6EF-325D-40B5-8C18-CC31202FEE4D}"
EndProject
Project("{8BC9CEB8-8B4A-11D0-8D11-00A0C91BC942}") = "task78_3", "task78_3\task78_3.vcxproj", "{63DCBE34-CAA6-4C93-A00D-C291C794683A}"
EndProject
Project("{8BC9CEB8-8B4A-11D0-8D11-00A0C91BC942}") = "task78_4", "task78_4\task78_4.vcxproj", "{6A446446-984A-4C16-85EC-514C7030B793}"
EndProject
Project("{8BC9CEB8-8B4A-11D0-8D11-00A0C91BC942}") = "task78_5", "task78_5\task78_5.vcxproj", "{B3926743-8AEA-4D23-A03A-4C404F5B4BBE}"
EndProject
Project("{8BC9CEB8-8B4A-11D0-8D11-00A0C91BC942}") = "task78_6", "task78_6\task78_6.vcxproj", "{66566B94-A9C7-40D3-BA1C-BA8420E8DDD1}"
EndProject
Project("{8BC9CEB8-8B4A-11D0-8D11-00A0C91BC942}") = "task78_7", "task78_7\task78_7.vcxproj", "{20DEAFF8-1CF2-4FB4-872A-726ADDBCB6E5}"
EndProject
Project("{8BC9CEB8-8B4A-11D0-8D11-00A0C91BC942}") = "task78_8", "task78_8\task78_8.vcxproj", "{E1F58B46-D229-47EF-B407-CA5D4FCA1A5C}"
EndProject
Project("{8BC9CEB8-8B4A-11D0-8D11-00A0C91BC942}") = "task78_9", "task78_9\task78_9.vcxproj", "{9493096D-564E-4848-AB84-C1DC4DB7149F}"
EndProject
Project("{8BC9CEB8-8B4A-11D0-8D11-00A0C91BC942}") = "task78_10", "task78_10\task78_10.vcxproj", "{CA8D5DA5-824E-4D40-9AFB-5C58E88030CB}"
EndProject
Global
	GlobalSection(SolutionConfigurationPlatforms) = preSolution
		Debug|x64 = Debug|x64
		Debug|x86 = Debug|x86
		Release|x64 = Release|x64
		Release|x86 = Release|x86
	EndGlobalSection
	GlobalSection(ProjectConfigurationPlatforms) = postSolution
		{5B43355F-0BA9-4311-B9FA-D722630E42F5}.Debug|x64.ActiveCfg = Debug|x64
		{5B43355F-0BA9-4311-B9FA-D722630E42F5}.Debug|x64.Build.0 = Debug|x64
		{5B43355F-0BA9-4311-B9FA-D722630E42F5}.Debug|x86.ActiveCfg = Debug|Win32
		{5B43355F-0BA9-4311-B9FA-D722630E42F5}.Debug|x86.Build.0 = Debug|Win32
		{5B43355F-0BA9-4311-B9FA-D722630E42F5}.Release|x64.ActiveCfg = Release|x64
		{5B43355F-0BA9-4311-B9FA-D722630E42F5}.Release|x64.Build.0 = Release|x64
		{5B43355F-0BA9-4311-B9FA-D722630E42F5}.Release|x86.ActiveCfg = Release|Win32
		{5B43355F-0BA9-4311-B9FA-D722630E42F5}.Release|x86.Build.0 = Release|Win32
		{279EE6EF-325D-40B5-8C18-CC31202FEE4D}.Debug|x64.ActiveCfg = Debug|x64
		{279EE6EF-325D-40B5-8C18-CC31202FEE4D}.Debug|x64.Build.0 = Debug|x64
		{279EE6EF-325D-40B5-8C18-CC31202FEE4D}.Debug|x86.ActiveCfg = Debug|Win32
		{279EE6EF-325D-40B5-8C18-CC31202FEE4D}.Debug|x86.Build.0 = Debug|Win32
		{279EE6EF-325D-40B5-8C18-CC31202FEE4D}.Release|x64.ActiveCfg = Release|x64
		{279EE6EF-325D-40B5-8C18-CC31202FEE4D}.Release|x64.Build.0 = Release|x64
		{279EE6EF-325D-40B5-8C18-CC31202FEE4D}.Release|x86.ActiveCfg = Release|Win32
		{279EE6EF-325D-40B5-8C18-CC31202FEE4D}.Release|x86.Build.0 = Release|Win32
		{63DCBE34-CAA6-4C93-A00D-C291C794683A}.Debug|x64.ActiveCfg = Debug|x64
		{63DCBE34-CAA6-4C93-A00D-C291C794683A}.Debug|x64.Build.0 = Debug|x64
		{63DCBE34-CAA6-4C93-A00D-C291C794683A}.Debug|x86.ActiveCfg = Debug|Win32
		{63DCBE34-CAA6-4C93-A00D-C291C794683A}.Debug|x86.Build.0 = Debug|Win32
		{63DCBE34-CAA6-4C93-A00D-C291C794683A}.Release|x64.ActiveCfg = Release|x64
		{63DCBE34-CAA6-4C93-A00D-C291C794683A}.Release|x64.Build.0 = Release|x64
		{63DCBE34-CAA6-4C93-A00D-C291C794683A}.Release|x86.ActiveCfg = Release|Win32
		{63DCBE34-CAA6-4C93-A00D-C291C794683A}.Release|x86.Build.0 = Release|Win32
		{6A446446-984A-4C16-85EC-514C7030B793}.Debug|x64.ActiveCfg = Debug|x64
		{6A446446-984A-4C16-85EC-514C7030B793}.Debug|x64.Build.0 = Debug|x64
		{6A446446-984A-4C16-85EC-514C7030B793}.Debug|x86.ActiveCfg = Debug|Win32
		{6A446446-984A-4C16-85EC-514C7030B793}.Debug|x86.Build.0 = Debug|Win32
		{6A446446-984A-4C16-85EC-514C7030B793}.Release|x64.ActiveCfg = Release|x64
		{6A446446-984A-4C16-85EC-514C7030B793}.Release|x64.Build.0 = Release|x64
		{6A446446-984A-4C16-85EC-514C7030B793}.Release|x86.ActiveCfg = Release|Win32
		{6A446446-984A-4C16-85EC-514C7030B793}.Release|x86.Build.0 = Release|Win32
		{B3926743-8AEA-4D23-A03A-4C404F5B4BBE}.Debug|x64.ActiveCfg = Debug|x64
		{B3926743-8AEA-4D23-A03A-4C404F5B4BBE}.Debug|x64.Build.0 = Debug|x64
		{B3926743-8AEA-4D23-A03A-4C404F5B4BBE}.Debug|x86.ActiveCfg = Debug|Win32
		{B3926743-8AEA-4D23-A03A-4C404F5B4BBE}.Debug|x86.Build.0 = Debug|Win32
		{B3926743-8AEA-4D23-A03A-4C404F5B4BBE}.Release|x64.ActiveCfg = Release|x64
		{B3926743-8AEA-4D23-A03A-4C404F5B4BBE}.Release|x64.Build.0 = Release|x64
		{B3926743-8AEA-4D23-A03A-4C404F5B4BBE}.Release|x86.ActiveCfg = Release|Win32
		{B3926743-8AEA-4D23-A03A-4C404F5B4BBE}.Release|x86.Build.0 = Release|Win32
		{66566B94-A9C7-40D3-BA1C-BA8420E8DDD1}.Debug|x64.ActiveCfg = Debug|x64
		{66566B94-A9C7-40D3-BA1C-BA8420E8DDD1}.Debug|x64.Build.0 = Debug|x64
		{66566B94-A9C7-40D3-BA1C-BA8420E8DDD1}.Debug|x86.ActiveCfg = Debug|Win32
		{66566B94-A9C7-40D3-BA1C-BA8420E8DDD1}.Debug|x86.Build.0 = Debug|Win32
		{66566B94-A9C7-40D3-BA1C-BA8420E8DDD1}.Release|x64.ActiveCfg = Release|x64
		{66566B94-A9C7-40D3-BA1C-BA8420E8DDD1}.Release|x64.Build.0 = Release|x64
		{66566B94-A9C7-40D3-BA1C-BA8420E8DDD1}.Release|x86.ActiveCfg = Release|Win32
		{66566B94-A9C7-40D3-BA1C-BA8420E8DDD1}.Release|x86.Build.0 = Release|Win32
		{20DEAFF8-1CF2-4FB4-872A-726ADDBCB6E5}.Debug|x64.ActiveCfg = Debug|x64
		{20DEAFF8-1CF2-4FB4-872A-726ADDBCB6E5}.Debug|x64.Build.0 = Debug|x64
		{20DEAFF8-1CF2-4FB4-872A-726ADDBCB6E5}.Debug|x86.ActiveCfg = Debug|Win32
		{20DEAFF8-1CF2-4FB4-872A-726ADDBCB6E5}.Debug|x86.Build.0 = Debug|Win32
		{20DEAFF8-1CF2-4FB4-872A-726ADDBCB6E5}.Release|x64.ActiveCfg = Release|x64
		{20DEAFF8-1CF2-4FB4-872A-726ADDBCB6E5}.Release|x64.Build.0 = Release|x64
		{20DEAFF8-1CF2-4FB4-872A-726ADDBCB6E5}.Release|x86.ActiveCfg = Release|Win32
		{20DEAFF8-1CF2-4FB4-872A-726ADDBCB6E5}.Release|x86.Build.0 = Release|Win32
		{E1F58B46-D229-47EF-B407-CA5D4FCA1A5C}.Debug|x64.ActiveCfg = Debug|x64
		{E1F58B46-D229-47EF-B407-CA5D4FCA1A5C}.Debug|x64.Build.0 = Debug|x64
		{E1F58B46-D229-47EF-B407-CA5D4FCA1A5C}.Debug|x86.ActiveCfg = Debug|Win32
		{E1F58B46-D229-47EF-B407-CA5D4FCA1A5C}.Debug|x86.Build.0 = Debug|Win32
		{E1F58B46-D229-47EF-B407-CA5D4FCA1A5C}.Release|x64.ActiveCfg = Release|x64
		{E1F58B46-D229-47EF-B407-CA5D4FCA1A5C}.Release|x64.Build.0 = Release|x64
		{E1F58B46-D229-47EF-B407-CA5D4FCA1A5C}.Release|x86.ActiveCfg = Release|Win32
		{E1F58B46-D229-47EF-B407-CA5D4FCA1A5C}.Release|x86.Build.0 = Release|Win32
		{9493096D-564E-4848-AB84-C1DC4DB7149F}.Debug|x64.ActiveCfg = Debug|x64
		{9493096D-564E-4848-AB84-C1DC4DB7149F}.Debug|x64.Build.0 = Debug|x64
		{9493096D-564E-4848-AB84-C1DC4DB7149F}.Debug|x86.ActiveCfg = Debug|Win32
		{9493096D-564E-4848-AB84-C1DC4DB7149F}.Debug|x86.Build.0 = Debug|Win32
		{9493096D-564E-4848-AB84-C1DC4DB7149F}.Release|x64.ActiveCfg = Release|x64
		{9493096D-564E-4848-AB84-C1DC4DB7149F}.Release|x64.Build.0 = Release|x64
		{9493096D-564E-4848-AB84-C1DC4DB7149F}.Release|x86.ActiveCfg = Release|Win32
		{9493096D-564E-4848-AB84-C1DC4DB7149F}.Release|x86.Build.0 = Release|Win32
		{CA8D5DA5-824E-4D40-9AFB-5C58E88030CB}.Debug|x64.ActiveCfg = Debug|x64
		{CA8D5DA5-824E-4D40-9AFB-5C58E88030CB}.Debug|x64.Build.0 = Debug|x64
		{CA8D5DA5-824E-4D40-9AFB-5C58E88030CB}.Debug|x86.ActiveCfg = Debug|Win32
		{CA8D5DA5-824E-4D40-9AFB-5C58E88030CB}.Debug|x86.Build.0 = Debug|Win32
		{CA8D5DA5-824E-4D40-9AFB-5C58E88030CB}.Release|x64.ActiveCfg = Release|x64
		{CA8D5DA5-824E-4D40-9AFB-5C58E88030CB}.Release|x64.Build.0 = Release|x64
		{CA8D5DA5-824E-4D40-9AFB-5C58E88030CB}.Release|x86.ActiveCfg = Release|Win32
		{CA8D5DA5-824E-4D40-9AFB-5C58E88030CB}.Release|x86.Build.0 = Release|Win32
	EndGlobalSection
	GlobalSection(SolutionProperties) = preSolution
		HideSolutionNode = FALSE
	EndGlobalSection
	GlobalSection(ExtensibilityGlobals) = postSolution
		SolutionGuid = {4F579664-FA7A-4492-99CC-63DCADCBD02C}
	EndGlobalSection
EndGlobal
