
Microsoft Visual Studio Solution File, Format Version 12.00
# Visual Studio Version 16
VisualStudioVersion = 16.0.33423.256
MinimumVisualStudioVersion = 10.0.40219.1
Project("{8BC9CEB8-8B4A-11D0-8D11-00A0C91BC942}") = "task51", "task51\task51.vcxproj", "{0C47C2E3-0708-40D0-8707-B659BB99DEA5}"
EndProject
Project("{8BC9CEB8-8B4A-11D0-8D11-00A0C91BC942}") = "task51_1", "task51_1\task51_1.vcxproj", "{645CEFE7-3B63-4AEE-840C-4BAD3DC821CE}"
EndProject
Project("{8BC9CEB8-8B4A-11D0-8D11-00A0C91BC942}") = "51_2", "51_2\51_2.vcxproj", "{A3C6B1D7-9397-42C4-AE20-4E031A3F6E91}"
EndProject
Project("{8BC9CEB8-8B4A-11D0-8D11-00A0C91BC942}") = "51_3", "51_3\51_3.vcxproj", "{B6FA20D3-7829-43E8-995D-DC9969072416}"
EndProject
Project("{8BC9CEB8-8B4A-11D0-8D11-00A0C91BC942}") = "51_4", "51_4\51_4.vcxproj", "{590502FC-2AC0-47A2-B9F6-86A73CD9B5C6}"
EndProject
Project("{8BC9CEB8-8B4A-11D0-8D11-00A0C91BC942}") = "51_5", "51_5\51_5.vcxproj", "{5750F6EF-21D1-4899-B839-C112805BB3FA}"
EndProject
Project("{8BC9CEB8-8B4A-11D0-8D11-00A0C91BC942}") = "51_6", "51_6\51_6.vcxproj", "{4EE38848-76FC-48A4-95F0-F89C6ECBB26B}"
EndProject
Project("{8BC9CEB8-8B4A-11D0-8D11-00A0C91BC942}") = "51_7", "51_7\51_7.vcxproj", "{D858AA03-A5CC-45EC-9ED7-C4986E5407E9}"
EndProject
Global
	GlobalSection(SolutionConfigurationPlatforms) = preSolution
		Debug|x64 = Debug|x64
		Debug|x86 = Debug|x86
		Release|x64 = Release|x64
		Release|x86 = Release|x86
	EndGlobalSection
	GlobalSection(ProjectConfigurationPlatforms) = postSolution
		{0C47C2E3-0708-40D0-8707-B659BB99DEA5}.Debug|x64.ActiveCfg = Debug|x64
		{0C47C2E3-0708-40D0-8707-B659BB99DEA5}.Debug|x64.Build.0 = Debug|x64
		{0C47C2E3-0708-40D0-8707-B659BB99DEA5}.Debug|x86.ActiveCfg = Debug|Win32
		{0C47C2E3-0708-40D0-8707-B659BB99DEA5}.Debug|x86.Build.0 = Debug|Win32
		{0C47C2E3-0708-40D0-8707-B659BB99DEA5}.Release|x64.ActiveCfg = Release|x64
		{0C47C2E3-0708-40D0-8707-B659BB99DEA5}.Release|x64.Build.0 = Release|x64
		{0C47C2E3-0708-40D0-8707-B659BB99DEA5}.Release|x86.ActiveCfg = Release|Win32
		{0C47C2E3-0708-40D0-8707-B659BB99DEA5}.Release|x86.Build.0 = Release|Win32
		{645CEFE7-3B63-4AEE-840C-4BAD3DC821CE}.Debug|x64.ActiveCfg = Debug|x64
		{645CEFE7-3B63-4AEE-840C-4BAD3DC821CE}.Debug|x64.Build.0 = Debug|x64
		{645CEFE7-3B63-4AEE-840C-4BAD3DC821CE}.Debug|x86.ActiveCfg = Debug|Win32
		{645CEFE7-3B63-4AEE-840C-4BAD3DC821CE}.Debug|x86.Build.0 = Debug|Win32
		{645CEFE7-3B63-4AEE-840C-4BAD3DC821CE}.Release|x64.ActiveCfg = Release|x64
		{645CEFE7-3B63-4AEE-840C-4BAD3DC821CE}.Release|x64.Build.0 = Release|x64
		{645CEFE7-3B63-4AEE-840C-4BAD3DC821CE}.Release|x86.ActiveCfg = Release|Win32
		{645CEFE7-3B63-4AEE-840C-4BAD3DC821CE}.Release|x86.Build.0 = Release|Win32
		{A3C6B1D7-9397-42C4-AE20-4E031A3F6E91}.Debug|x64.ActiveCfg = Debug|x64
		{A3C6B1D7-9397-42C4-AE20-4E031A3F6E91}.Debug|x64.Build.0 = Debug|x64
		{A3C6B1D7-9397-42C4-AE20-4E031A3F6E91}.Debug|x86.ActiveCfg = Debug|Win32
		{A3C6B1D7-9397-42C4-AE20-4E031A3F6E91}.Debug|x86.Build.0 = Debug|Win32
		{A3C6B1D7-9397-42C4-AE20-4E031A3F6E91}.Release|x64.ActiveCfg = Release|x64
		{A3C6B1D7-9397-42C4-AE20-4E031A3F6E91}.Release|x64.Build.0 = Release|x64
		{A3C6B1D7-9397-42C4-AE20-4E031A3F6E91}.Release|x86.ActiveCfg = Release|Win32
		{A3C6B1D7-9397-42C4-AE20-4E031A3F6E91}.Release|x86.Build.0 = Release|Win32
		{B6FA20D3-7829-43E8-995D-DC9969072416}.Debug|x64.ActiveCfg = Debug|x64
		{B6FA20D3-7829-43E8-995D-DC9969072416}.Debug|x64.Build.0 = Debug|x64
		{B6FA20D3-7829-43E8-995D-DC9969072416}.Debug|x86.ActiveCfg = Debug|Win32
		{B6FA20D3-7829-43E8-995D-DC9969072416}.Debug|x86.Build.0 = Debug|Win32
		{B6FA20D3-7829-43E8-995D-DC9969072416}.Release|x64.ActiveCfg = Release|x64
		{B6FA20D3-7829-43E8-995D-DC9969072416}.Release|x64.Build.0 = Release|x64
		{B6FA20D3-7829-43E8-995D-DC9969072416}.Release|x86.ActiveCfg = Release|Win32
		{B6FA20D3-7829-43E8-995D-DC9969072416}.Release|x86.Build.0 = Release|Win32
		{590502FC-2AC0-47A2-B9F6-86A73CD9B5C6}.Debug|x64.ActiveCfg = Debug|x64
		{590502FC-2AC0-47A2-B9F6-86A73CD9B5C6}.Debug|x64.Build.0 = Debug|x64
		{590502FC-2AC0-47A2-B9F6-86A73CD9B5C6}.Debug|x86.ActiveCfg = Debug|Win32
		{590502FC-2AC0-47A2-B9F6-86A73CD9B5C6}.Debug|x86.Build.0 = Debug|Win32
		{590502FC-2AC0-47A2-B9F6-86A73CD9B5C6}.Release|x64.ActiveCfg = Release|x64
		{590502FC-2AC0-47A2-B9F6-86A73CD9B5C6}.Release|x64.Build.0 = Release|x64
		{590502FC-2AC0-47A2-B9F6-86A73CD9B5C6}.Release|x86.ActiveCfg = Release|Win32
		{590502FC-2AC0-47A2-B9F6-86A73CD9B5C6}.Release|x86.Build.0 = Release|Win32
		{5750F6EF-21D1-4899-B839-C112805BB3FA}.Debug|x64.ActiveCfg = Debug|x64
		{5750F6EF-21D1-4899-B839-C112805BB3FA}.Debug|x64.Build.0 = Debug|x64
		{5750F6EF-21D1-4899-B839-C112805BB3FA}.Debug|x86.ActiveCfg = Debug|Win32
		{5750F6EF-21D1-4899-B839-C112805BB3FA}.Debug|x86.Build.0 = Debug|Win32
		{5750F6EF-21D1-4899-B839-C112805BB3FA}.Release|x64.ActiveCfg = Release|x64
		{5750F6EF-21D1-4899-B839-C112805BB3FA}.Release|x64.Build.0 = Release|x64
		{5750F6EF-21D1-4899-B839-C112805BB3FA}.Release|x86.ActiveCfg = Release|Win32
		{5750F6EF-21D1-4899-B839-C112805BB3FA}.Release|x86.Build.0 = Release|Win32
		{4EE38848-76FC-48A4-95F0-F89C6ECBB26B}.Debug|x64.ActiveCfg = Debug|x64
		{4EE38848-76FC-48A4-95F0-F89C6ECBB26B}.Debug|x64.Build.0 = Debug|x64
		{4EE38848-76FC-48A4-95F0-F89C6ECBB26B}.Debug|x86.ActiveCfg = Debug|Win32
		{4EE38848-76FC-48A4-95F0-F89C6ECBB26B}.Debug|x86.Build.0 = Debug|Win32
		{4EE38848-76FC-48A4-95F0-F89C6ECBB26B}.Release|x64.ActiveCfg = Release|x64
		{4EE38848-76FC-48A4-95F0-F89C6ECBB26B}.Release|x64.Build.0 = Release|x64
		{4EE38848-76FC-48A4-95F0-F89C6ECBB26B}.Release|x86.ActiveCfg = Release|Win32
		{4EE38848-76FC-48A4-95F0-F89C6ECBB26B}.Release|x86.Build.0 = Release|Win32
		{D858AA03-A5CC-45EC-9ED7-C4986E5407E9}.Debug|x64.ActiveCfg = Debug|x64
		{D858AA03-A5CC-45EC-9ED7-C4986E5407E9}.Debug|x64.Build.0 = Debug|x64
		{D858AA03-A5CC-45EC-9ED7-C4986E5407E9}.Debug|x86.ActiveCfg = Debug|Win32
		{D858AA03-A5CC-45EC-9ED7-C4986E5407E9}.Debug|x86.Build.0 = Debug|Win32
		{D858AA03-A5CC-45EC-9ED7-C4986E5407E9}.Release|x64.ActiveCfg = Release|x64
		{D858AA03-A5CC-45EC-9ED7-C4986E5407E9}.Release|x64.Build.0 = Release|x64
		{D858AA03-A5CC-45EC-9ED7-C4986E5407E9}.Release|x86.ActiveCfg = Release|Win32
		{D858AA03-A5CC-45EC-9ED7-C4986E5407E9}.Release|x86.Build.0 = Release|Win32
	EndGlobalSection
	GlobalSection(SolutionProperties) = preSolution
		HideSolutionNode = FALSE
	EndGlobalSection
	GlobalSection(ExtensibilityGlobals) = postSolution
		SolutionGuid = {9D7553FC-7D3A-4285-A16B-6CBF09242AF9}
	EndGlobalSection
EndGlobal
